# THIS IS AN AUTOGENERATED FILE. DO NOT EDIT THIS FILE DIRECTLY.
# yarn lockfile v1


"@vue/devtools-api@^6.0.0-beta.15":
  version "6.0.0-beta.21.1"
  resolved "https://registry.yarnpkg.com/@vue/devtools-api/-/devtools-api-6.0.0-beta.21.1.tgz#f1410f53c42aa67fa3b01ca7bdba891f69d7bc97"
  integrity sha512-FqC4s3pm35qGVeXRGOjTsRzlkJjrBLriDS9YXbflHLsfA9FrcKzIyWnLXoNm+/7930E8rRakXuAc2QkC50swAw==

vee-validate@^4.5.7:
  version "4.5.7"
  resolved "https://registry.yarnpkg.com/vee-validate/-/vee-validate-4.5.7.tgz#457f1621cf978a3f7eac4866faa480e020981867"
  integrity sha512-EcpvOikBP5LlRIKwULfwRDeyIaERuOJztZUPWRmSIeWpeQWD6hs9qQ8A3CmVVteqEohbUM07gV/ea8lPXCfCJQ==
  dependencies:
    "@vue/devtools-api" "^6.0.0-beta.15"
